
Microsoft Visual Studio Solution File, Format Version 12.00
# Visual Studio Version 17
VisualStudioVersion = 17.4.33213.308
MinimumVisualStudioVersion = 10.0.40219.1
Project("{FAE04EC0-301F-11D3-BF4B-00C04F79EFBC}") = "ESG", "ESG\ESG.csproj", "{0F887037-BC62-4098-AD3C-EB6EA43351FC}"
EndProject
Global
	GlobalSection(SolutionConfigurationPlatforms) = preSolution
		Debug|Any CPU = Debug|Any CPU
		Release|Any CPU = Release|Any CPU
	EndGlobalSection
	GlobalSection(ProjectConfigurationPlatforms) = postSolution
		{0F887037-BC62-4098-AD3C-EB6EA43351FC}.Debug|Any CPU.ActiveCfg = Debug|Any CPU
		{0F887037-BC62-4098-AD3C-EB6EA43351FC}.Debug|Any CPU.Build.0 = Debug|Any CPU
		{0F887037-BC62-4098-AD3C-EB6EA43351FC}.Release|Any CPU.ActiveCfg = Release|Any CPU
		{0F887037-BC62-4098-AD3C-EB6EA43351FC}.Release|Any CPU.Build.0 = Release|Any CPU
	EndGlobalSection
	GlobalSection(SolutionProperties) = preSolution
		HideSolutionNode = FALSE
	EndGlobalSection
	GlobalSection(ExtensibilityGlobals) = postSolution
		SolutionGuid = {099A2FBB-AB38-42A1-9CF1-BF14DB9DB2C0}
	EndGlobalSection
EndGlobal
